// !$*UTF8*$!
{
	archiveVersion = 1;
	classes = {
	};
	objectVersion = 55;
	objects = {

/* Begin PBXBuildFile section */
		FC2B96972765DB03004BC217 /* AppDelegate.swift in Sources */ = {isa = PBXBuildFile; fileRef = FC2B96962765DB03004BC217 /* AppDelegate.swift */; };
		FC2B96992765DB03004BC217 /* SceneDelegate.swift in Sources */ = {isa = PBXBuildFile; fileRef = FC2B96982765DB03004BC217 /* SceneDelegate.swift */; };
		FC2B969B2765DB03004BC217 /* BucketListViewController.swift in Sources */ = {isa = PBXBuildFile; fileRef = FC2B969A2765DB03004BC217 /* BucketListViewController.swift */; };
		FC2B969E2765DB03004BC217 /* Main.storyboard in Resources */ = {isa = PBXBuildFile; fileRef = FC2B969C2765DB03004BC217 /* Main.storyboard */; };
		FC2B96A02765DB07004BC217 /* Assets.xcassets in Resources */ = {isa = PBXBuildFile; fileRef = FC2B969F2765DB07004BC217 /* Assets.xcassets */; };
		FC2B96A32765DB07004BC217 /* LaunchScreen.storyboard in Resources */ = {isa = PBXBuildFile; fileRef = FC2B96A12765DB07004BC217 /* LaunchScreen.storyboard */; };
		FC2B96AE2765DB08004BC217 /* BucketListTests.swift in Sources */ = {isa = PBXBuildFile; fileRef = FC2B96AD2765DB08004BC217 /* BucketListTests.swift */; };
		FC2B96B82765DB08004BC217 /* BucketListUITests.swift in Sources */ = {isa = PBXBuildFile; fileRef = FC2B96B72765DB08004BC217 /* BucketListUITests.swift */; };
		FC2B96BA2765DB08004BC217 /* BucketListUITestsLaunchTests.swift in Sources */ = {isa = PBXBuildFile; fileRef = FC2B96B92765DB08004BC217 /* BucketListUITestsLaunchTests.swift */; };
		FC2B96C72765E092004BC217 /* AddItemTableViewController.swift in Sources */ = {isa = PBXBuildFile; fileRef = FC2B96C62765E092004BC217 /* AddItemTableViewController.swift */; };
		FC2B96CB2765E4A0004BC217 /* AddItemTableViewControllerDelegate.swift in Sources */ = {isa = PBXBuildFile; fileRef = FC2B96CA2765E4A0004BC217 /* AddItemTableViewControllerDelegate.swift */; };
		FCEFF63A2771FC4C008B5126 /* TaskModel.swift in Sources */ = {isa = PBXBuildFile; fileRef = FCEFF6392771FC4C008B5126 /* TaskModel.swift */; };
		FCEFF63C277217DE008B5126 /* Task.swift in Sources */ = {isa = PBXBuildFile; fileRef = FCEFF63B277217DE008B5126 /* Task.swift */; };
/* End PBXBuildFile section */

/* Begin PBXContainerItemProxy section */
		FC2B96AA2765DB08004BC217 /* PBXContainerItemProxy */ = {
			isa = PBXContainerItemProxy;
			containerPortal = FC2B968B2765DB03004BC217 /* Project object */;
			proxyType = 1;
			remoteGlobalIDString = FC2B96922765DB03004BC217;
			remoteInfo = BucketList;
		};
		FC2B96B42765DB08004BC217 /* PBXContainerItemProxy */ = {
			isa = PBXContainerItemProxy;
			containerPortal = FC2B968B2765DB03004BC217 /* Project object */;
			proxyType = 1;
			remoteGlobalIDString = FC2B96922765DB03004BC217;
			remoteInfo = BucketList;
		};
/* End PBXContainerItemProxy section */

/* Begin PBXFileReference section */
		FC2B96932765DB03004BC217 /* BucketList.app */ = {isa = PBXFileReference; explicitFileType = wrapper.application; includeInIndex = 0; path = BucketList.app; sourceTree = BUILT_PRODUCTS_DIR; };
		FC2B96962765DB03004BC217 /* AppDelegate.swift */ = {isa = PBXFileReference; lastKnownFileType = sourcecode.swift; path = AppDelegate.swift; sourceTree = "<group>"; };
		FC2B96982765DB03004BC217 /* SceneDelegate.swift */ = {isa = PBXFileReference; lastKnownFileType = sourcecode.swift; path = SceneDelegate.swift; sourceTree = "<group>"; };
		FC2B969A2765DB03004BC217 /* BucketListViewController.swift */ = {isa = PBXFileReference; lastKnownFileType = sourcecode.swift; path = BucketListViewController.swift; sourceTree = "<group>"; };
		FC2B969D2765DB03004BC217 /* Base */ = {isa = PBXFileReference; lastKnownFileType = file.storyboard; name = Base; path = Base.lproj/Main.storyboard; sourceTree = "<group>"; };
		FC2B969F2765DB07004BC217 /* Assets.xcassets */ = {isa = PBXFileReference; lastKnownFileType = folder.assetcatalog; path = Assets.xcassets; sourceTree = "<group>"; };
		FC2B96A22765DB07004BC217 /* Base */ = {isa = PBXFileReference; lastKnownFileType = file.storyboard; name = Base; path = Base.lproj/LaunchScreen.storyboard; sourceTree = "<group>"; };
		FC2B96A42765DB07004BC217 /* Info.plist */ = {isa = PBXFileReference; lastKnownFileType = text.plist.xml; path = Info.plist; sourceTree = "<group>"; };
		FC2B96A92765DB08004BC217 /* BucketListTests.xctest */ = {isa = PBXFileReference; explicitFileType = wrapper.cfbundle; includeInIndex = 0; path = BucketListTests.xctest; sourceTree = BUILT_PRODUCTS_DIR; };
		FC2B96AD2765DB08004BC217 /* BucketListTests.swift */ = {isa = PBXFileReference; lastKnownFileType = sourcecode.swift; path = BucketListTests.swift; sourceTree = "<group>"; };
		FC2B96B32765DB08004BC217 /* BucketListUITests.xctest */ = {isa = PBXFileReference; explicitFileType = wrapper.cfbundle; includeInIndex = 0; path = BucketListUITests.xctest; sourceTree = BUILT_PRODUCTS_DIR; };
		FC2B96B72765DB08004BC217 /* BucketListUITests.swift */ = {isa = PBXFileReference; lastKnownFileType = sourcecode.swift; path = BucketListUITests.swift; sourceTree = "<group>"; };
		FC2B96B92765DB08004BC217 /* BucketListUITestsLaunchTests.swift */ = {isa = PBXFileReference; lastKnownFileType = sourcecode.swift; path = BucketListUITestsLaunchTests.swift; sourceTree = "<group>"; };
		FC2B96C62765E092004BC217 /* AddItemTableViewController.swift */ = {isa = PBXFileReference; lastKnownFileType = sourcecode.swift; path = AddItemTableViewController.swift; sourceTree = "<group>"; };
		FC2B96CA2765E4A0004BC217 /* AddItemTableViewControllerDelegate.swift */ = {isa = PBXFileReference; lastKnownFileType = sourcecode.swift; path = AddItemTableViewControllerDelegate.swift; sourceTree = "<group>"; };
		FCEFF6392771FC4C008B5126 /* TaskModel.swift */ = {isa = PBXFileReference; lastKnownFileType = sourcecode.swift; path = TaskModel.swift; sourceTree = "<group>"; };
		FCEFF63B277217DE008B5126 /* Task.swift */ = {isa = PBXFileReference; lastKnownFileType = sourcecode.swift; path = Task.swift; sourceTree = "<group>"; };
/* End PBXFileReference section */

/* Begin PBXFrameworksBuildPhase section */
		FC2B96902765DB03004BC217 /* Frameworks */ = {
			isa = PBXFrameworksBuildPhase;
			buildActionMask = 2147483647;
			files = (
			);
			runOnlyForDeploymentPostprocessing = 0;
		};
		FC2B96A62765DB08004BC217 /* Frameworks */ = {
			isa = PBXFrameworksBuildPhase;
			buildActionMask = 2147483647;
			files = (
			);
			runOnlyForDeploymentPostprocessing = 0;
		};
		FC2B96B02765DB08004BC217 /* Frameworks */ = {
			isa = PBXFrameworksBuildPhase;
			buildActionMask = 2147483647;
			files = (
			);
			runOnlyForDeploymentPostprocessing = 0;
		};
/* End PBXFrameworksBuildPhase section */

/* Begin PBXGroup section */
		FC2B968A2765DB03004BC217 = {
			isa = PBXGroup;
			children = (
				FC2B96952765DB03004BC217 /* BucketList */,
				FC2B96AC2765DB08004BC217 /* BucketListTests */,
				FC2B96B62765DB08004BC217 /* BucketListUITests */,
				FC2B96942765DB03004BC217 /* Products */,
			);
			sourceTree = "<group>";
		};
		FC2B96942765DB03004BC217 /* Products */ = {
			isa = PBXGroup;
			children = (
				FC2B96932765DB03004BC217 /* BucketList.app */,
				FC2B96A92765DB08004BC217 /* BucketListTests.xctest */,
				FC2B96B32765DB08004BC217 /* BucketListUITests.xctest */,
			);
			name = Products;
			sourceTree = "<group>";
		};
		FC2B96952765DB03004BC217 /* BucketList */ = {
			isa = PBXGroup;
			children = (
				FC2B96962765DB03004BC217 /* AppDelegate.swift */,
				FC2B96982765DB03004BC217 /* SceneDelegate.swift */,
				FC2B969A2765DB03004BC217 /* BucketListViewController.swift */,
				FC2B969C2765DB03004BC217 /* Main.storyboard */,
				FC2B969F2765DB07004BC217 /* Assets.xcassets */,
				FC2B96A12765DB07004BC217 /* LaunchScreen.storyboard */,
				FC2B96A42765DB07004BC217 /* Info.plist */,
				FC2B96C62765E092004BC217 /* AddItemTableViewController.swift */,
				FC2B96CA2765E4A0004BC217 /* AddItemTableViewControllerDelegate.swift */,
				FCEFF6392771FC4C008B5126 /* TaskModel.swift */,
				FCEFF63B277217DE008B5126 /* Task.swift */,
			);
			path = BucketList;
			sourceTree = "<group>";
		};
		FC2B96AC2765DB08004BC217 /* BucketListTests */ = {
			isa = PBXGroup;
			children = (
				FC2B96AD2765DB08004BC217 /* BucketListTests.swift */,
			);
			path = BucketListTests;
			sourceTree = "<group>";
		};
		FC2B96B62765DB08004BC217 /* BucketListUITests */ = {
			isa = PBXGroup;
			children = (
				FC2B96B72765DB08004BC217 /* BucketListUITests.swift */,
				FC2B96B92765DB08004BC217 /* BucketListUITestsLaunchTests.swift */,
			);
			path = BucketListUITests;
			sourceTree = "<group>";
		};
/* End PBXGroup section */

/* Begin PBXNativeTarget section */
		FC2B96922765DB03004BC217 /* BucketList */ = {
			isa = PBXNativeTarget;
			buildConfigurationList = FC2B96BD2765DB08004BC217 /* Build configuration list for PBXNativeTarget "BucketList" */;
			buildPhases = (
				FC2B968F2765DB03004BC217 /* Sources */,
				FC2B96902765DB03004BC217 /* Frameworks */,
				FC2B96912765DB03004BC217 /* Resources */,
			);
			buildRules = (
			);
			dependencies = (
			);
			name = BucketList;
			productName = BucketList;
			productReference = FC2B96932765DB03004BC217 /* BucketList.app */;
			productType = "com.apple.product-type.application";
		};
		FC2B96A82765DB08004BC217 /* BucketListTests */ = {
			isa = PBXNativeTarget;
			buildConfigurationList = FC2B96C02765DB08004BC217 /* Build configuration list for PBXNativeTarget "BucketListTests" */;
			buildPhases = (
				FC2B96A52765DB08004BC217 /* Sources */,
				FC2B96A62765DB08004BC217 /* Frameworks */,
				FC2B96A72765DB08004BC217 /* Resources */,
			);
			buildRules = (
			);
			dependencies = (
				FC2B96AB2765DB08004BC217 /* PBXTargetDependency */,
			);
			name = BucketListTests;
			productName = BucketListTests;
			productReference = FC2B96A92765DB08004BC217 /* BucketListTests.xctest */;
			productType = "com.apple.product-type.bundle.unit-test";
		};
		FC2B96B22765DB08004BC217 /* BucketListUITests */ = {
			isa = PBXNativeTarget;
			buildConfigurationList = FC2B96C32765DB08004BC217 /* Build configuration list for PBXNativeTarget "BucketListUITests" */;
			buildPhases = (
				FC2B96AF2765DB08004BC217 /* Sources */,
				FC2B96B02765DB08004BC217 /* Frameworks */,
				FC2B96B12765DB08004BC217 /* Resources */,
			);
			buildRules = (
			);
			dependencies = (
				FC2B96B52765DB08004BC217 /* PBXTargetDependency */,
			);
			name = BucketListUITests;
			productName = BucketListUITests;
			productReference = FC2B96B32765DB08004BC217 /* BucketListUITests.xctest */;
			productType = "com.apple.product-type.bundle.ui-testing";
		};
/* End PBXNativeTarget section */

/* Begin PBXProject section */
		FC2B968B2765DB03004BC217 /* Project object */ = {
			isa = PBXProject;
			attributes = {
				BuildIndependentTargetsInParallel = 1;
				LastSwiftUpdateCheck = 1310;
				LastUpgradeCheck = 1310;
				TargetAttributes = {
					FC2B96922765DB03004BC217 = {
						CreatedOnToolsVersion = 13.1;
					};
					FC2B96A82765DB08004BC217 = {
						CreatedOnToolsVersion = 13.1;
						TestTargetID = FC2B96922765DB03004BC217;
					};
					FC2B96B22765DB08004BC217 = {
						CreatedOnToolsVersion = 13.1;
						TestTargetID = FC2B96922765DB03004BC217;
					};
				};
			};
			buildConfigurationList = FC2B968E2765DB03004BC217 /* Build configuration list for PBXProject "BucketList" */;
			compatibilityVersion = "Xcode 13.0";
			developmentRegion = en;
			hasScannedForEncodings = 0;
			knownRegions = (
				en,
				Base,
			);
			mainGroup = FC2B968A2765DB03004BC217;
			productRefGroup = FC2B96942765DB03004BC217 /* Products */;
			projectDirPath = "";
			projectRoot = "";
			targets = (
				FC2B96922765DB03004BC217 /* BucketList */,
				FC2B96A82765DB08004BC217 /* BucketListTests */,
				FC2B96B22765DB08004BC217 /* BucketListUITests */,
			);
		};
/* End PBXProject section */

/* Begin PBXResourcesBuildPhase section */
		FC2B96912765DB03004BC217 /* Resources */ = {
			isa = PBXResourcesBuildPhase;
			buildActionMask = 2147483647;
			files = (
				FC2B96A32765DB07004BC217 /* LaunchScreen.storyboard in Resources */,
				FC2B96A02765DB07004BC217 /* Assets.xcassets in Resources */,
				FC2B969E2765DB03004BC217 /* Main.storyboard in Resources */,
			);
			runOnlyForDeploymentPostprocessing = 0;
		};
		FC2B96A72765DB08004BC217 /* Resources */ = {
			isa = PBXResourcesBuildPhase;
			buildActionMask = 2147483647;
			files = (
			);
			runOnlyForDeploymentPostprocessing = 0;
		};
		FC2B96B12765DB08004BC217 /* Resources */ = {
			isa = PBXResourcesBuildPhase;
			buildActionMask = 2147483647;
			files = (
			);
			runOnlyForDeploymentPostprocessing = 0;
		};
/* End PBXResourcesBuildPhase section */

/* Begin PBXSourcesBuildPhase section */
		FC2B968F2765DB03004BC217 /* Sources */ = {
			isa = PBXSourcesBuildPhase;
			buildActionMask = 2147483647;
			files = (
				FCEFF63C277217DE008B5126 /* Task.swift in Sources */,
				FCEFF63A2771FC4C008B5126 /* TaskModel.swift in Sources */,
				FC2B96C72765E092004BC217 /* AddItemTableViewController.swift in Sources */,
				FC2B969B2765DB03004BC217 /* BucketListViewController.swift in Sources */,
				FC2B96972765DB03004BC217 /* AppDelegate.swift in Sources */,
				FC2B96992765DB03004BC217 /* SceneDelegate.swift in Sources */,
				FC2B96CB2765E4A0004BC217 /* AddItemTableViewControllerDelegate.swift in Sources */,
			);
			runOnlyForDeploymentPostprocessing = 0;
		};
		FC2B96A52765DB08004BC217 /* Sources */ = {
			isa = PBXSourcesBuildPhase;
			buildActionMask = 2147483647;
			files = (
				FC2B96AE2765DB08004BC217 /* BucketListTests.swift in Sources */,
			);
			runOnlyForDeploymentPostprocessing = 0;
		};
		FC2B96AF2765DB08004BC217 /* Sources */ = {
			isa = PBXSourcesBuildPhase;
			buildActionMask = 2147483647;
			files = (
				FC2B96BA2765DB08004BC217 /* BucketListUITestsLaunchTests.swift in Sources */,
				FC2B96B82765DB08004BC217 /* BucketListUITests.swift in Sources */,
			);
			runOnlyForDeploymentPostprocessing = 0;
		};
/* End PBXSourcesBuildPhase section */

/* Begin PBXTargetDependency section */
		FC2B96AB2765DB08004BC217 /* PBXTargetDependency */ = {
			isa = PBXTargetDependency;
			target = FC2B96922765DB03004BC217 /* BucketList */;
			targetProxy = FC2B96AA2765DB08004BC217 /* PBXContainerItemProxy */;
		};
		FC2B96B52765DB08004BC217 /* PBXTargetDependency */ = {
			isa = PBXTargetDependency;
			target = FC2B96922765DB03004BC217 /* BucketList */;
			targetProxy = FC2B96B42765DB08004BC217 /* PBXContainerItemProxy */;
		};
/* End PBXTargetDependency section */

/* Begin PBXVariantGroup section */
		FC2B969C2765DB03004BC217 /* Main.storyboard */ = {
			isa = PBXVariantGroup;
			children = (
				FC2B969D2765DB03004BC217 /* Base */,
			);
			name = Main.storyboard;
			sourceTree = "<group>";
		};
		FC2B96A12765DB07004BC217 /* LaunchScreen.storyboard */ = {
			isa = PBXVariantGroup;
			children = (
				FC2B96A22765DB07004BC217 /* Base */,
			);
			name = LaunchScreen.storyboard;
			sourceTree = "<group>";
		};
/* End PBXVariantGroup section */

/* Begin XCBuildConfiguration section */
		FC2B96BB2765DB08004BC217 /* Debug */ = {
			isa = XCBuildConfiguration;
			buildSettings = {
				ALWAYS_SEARCH_USER_PATHS = NO;
				CLANG_ANALYZER_NONNULL = YES;
				CLANG_ANALYZER_NUMBER_OBJECT_CONVERSION = YES_AGGRESSIVE;
				CLANG_CXX_LANGUAGE_STANDARD = "gnu++17";
				CLANG_CXX_LIBRARY = "libc++";
				CLANG_ENABLE_MODULES = YES;
				CLANG_ENABLE_OBJC_ARC = YES;
				CLANG_ENABLE_OBJC_WEAK = YES;
				CLANG_WARN_BLOCK_CAPTURE_AUTORELEASING = YES;
				CLANG_WARN_BOOL_CONVERSION = YES;
				CLANG_WARN_COMMA = YES;
				CLANG_WARN_CONSTANT_CONVERSION = YES;
				CLANG_WARN_DEPRECATED_OBJC_IMPLEMENTATIONS = YES;
				CLANG_WARN_DIRECT_OBJC_ISA_USAGE = YES_ERROR;
				CLANG_WARN_DOCUMENTATION_COMMENTS = YES;
				CLANG_WARN_EMPTY_BODY = YES;
				CLANG_WARN_ENUM_CONVERSION = YES;
				CLANG_WARN_INFINITE_RECURSION = YES;
				CLANG_WARN_INT_CONVERSION = YES;
				CLANG_WARN_NON_LITERAL_NULL_CONVERSION = YES;
				CLANG_WARN_OBJC_IMPLICIT_RETAIN_SELF = YES;
				CLANG_WARN_OBJC_LITERAL_CONVERSION = YES;
				CLANG_WARN_OBJC_ROOT_CLASS = YES_ERROR;
				CLANG_WARN_QUOTED_INCLUDE_IN_FRAMEWORK_HEADER = YES;
				CLANG_WARN_RANGE_LOOP_ANALYSIS = YES;
				CLANG_WARN_STRICT_PROTOTYPES = YES;
				CLANG_WARN_SUSPICIOUS_MOVE = YES;
				CLANG_WARN_UNGUARDED_AVAILABILITY = YES_AGGRESSIVE;
				CLANG_WARN_UNREACHABLE_CODE = YES;
				CLANG_WARN__DUPLICATE_METHOD_MATCH = YES;
				COPY_PHASE_STRIP = NO;
				DEBUG_INFORMATION_FORMAT = dwarf;
				ENABLE_STRICT_OBJC_MSGSEND = YES;
				ENABLE_TESTABILITY = YES;
				GCC_C_LANGUAGE_STANDARD = gnu11;
				GCC_DYNAMIC_NO_PIC = NO;
				GCC_NO_COMMON_BLOCKS = YES;
				GCC_OPTIMIZATION_LEVEL = 0;
				GCC_PREPROCESSOR_DEFINITIONS = (
					"DEBUG=1",
					"$(inherited)",
				);
				GCC_WARN_64_TO_32_BIT_CONVERSION = YES;
				GCC_WARN_ABOUT_RETURN_TYPE = YES_ERROR;
				GCC_WARN_UNDECLARED_SELECTOR = YES;
				GCC_WARN_UNINITIALIZED_AUTOS = YES_AGGRESSIVE;
				GCC_WARN_UNUSED_FUNCTION = YES;
				GCC_WARN_UNUSED_VARIABLE = YES;
				IPHONEOS_DEPLOYMENT_TARGET = 15.0;
				MTL_ENABLE_DEBUG_INFO = INCLUDE_SOURCE;
				MTL_FAST_MATH = YES;
				ONLY_ACTIVE_ARCH = YES;
				SDKROOT = iphoneos;
				SWIFT_ACTIVE_COMPILATION_CONDITIONS = DEBUG;
				SWIFT_OPTIMIZATION_LEVEL = "-Onone";
			};
			name = Debug;
		};
		FC2B96BC2765DB08004BC217 /* Release */ = {
			isa = XCBuildConfiguration;
			buildSettings = {
				ALWAYS_SEARCH_USER_PATHS = NO;
				CLANG_ANALYZER_NONNULL = YES;
				CLANG_ANALYZER_NUMBER_OBJECT_CONVERSION = YES_AGGRESSIVE;
				CLANG_CXX_LANGUAGE_STANDARD = "gnu++17";
				CLANG_CXX_LIBRARY = "libc++";
				CLANG_ENABLE_MODULES = YES;
				CLANG_ENABLE_OBJC_ARC = YES;
				CLANG_ENABLE_OBJC_WEAK = YES;
				CLANG_WARN_BLOCK_CAPTURE_AUTORELEASING = YES;
				CLANG_WARN_BOOL_CONVERSION = YES;
				CLANG_WARN_COMMA = YES;
				CLANG_WARN_CONSTANT_CONVERSION = YES;
				CLANG_WARN_DEPRECATED_OBJC_IMPLEMENTATIONS = YES;
				CLANG_WARN_DIRECT_OBJC_ISA_USAGE = YES_ERROR;
				CLANG_WARN_DOCUMENTATION_COMMENTS = YES;
				CLANG_WARN_EMPTY_BODY = YES;
				CLANG_WARN_ENUM_CONVERSION = YES;
				CLANG_WARN_INFINITE_RECURSION = YES;
				CLANG_WARN_INT_CONVERSION = YES;
				CLANG_WARN_NON_LITERAL_NULL_CONVERSION = YES;
				CLANG_WARN_OBJC_IMPLICIT_RETAIN_SELF = YES;
				CLANG_WARN_OBJC_LITERAL_CONVERSION = YES;
				CLANG_WARN_OBJC_ROOT_CLASS = YES_ERROR;
				CLANG_WARN_QUOTED_INCLUDE_IN_FRAMEWORK_HEADER = YES;
				CLANG_WARN_RANGE_LOOP_ANALYSIS = YES;
				CLANG_WARN_STRICT_PROTOTYPES = YES;
				CLANG_WARN_SUSPICIOUS_MOVE = YES;
				CLANG_WARN_UNGUARDED_AVAILABILITY = YES_AGGRESSIVE;
				CLANG_WARN_UNREACHABLE_CODE = YES;
				CLANG_WARN__DUPLICATE_METHOD_MATCH = YES;
				COPY_PHASE_STRIP = NO;
				DEBUG_INFORMATION_FORMAT = "dwarf-with-dsym";
				ENABLE_NS_ASSERTIONS = NO;
				ENABLE_STRICT_OBJC_MSGSEND = YES;
				GCC_C_LANGUAGE_STANDARD = gnu11;
				GCC_NO_COMMON_BLOCKS = YES;
				GCC_WARN_64_TO_32_BIT_CONVERSION = YES;
				GCC_WARN_ABOUT_RETURN_TYPE = YES_ERROR;
				GCC_WARN_UNDECLARED_SELECTOR = YES;
				GCC_WARN_UNINITIALIZED_AUTOS = YES_AGGRESSIVE;
				GCC_WARN_UNUSED_FUNCTION = YES;
				GCC_WARN_UNUSED_VARIABLE = YES;
				IPHONEOS_DEPLOYMENT_TARGET = 15.0;
				MTL_ENABLE_DEBUG_INFO = NO;
				MTL_FAST_MATH = YES;
				SDKROOT = iphoneos;
				SWIFT_COMPILATION_MODE = wholemodule;
				SWIFT_OPTIMIZATION_LEVEL = "-O";
				VALIDATE_PRODUCT = YES;
			};
			name = Release;
		};
		FC2B96BE2765DB08004BC217 /* Debug */ = {
			isa = XCBuildConfiguration;
			buildSettings = {
				ASSETCATALOG_COMPILER_APPICON_NAME = AppIcon;
				ASSETCATALOG_COMPILER_GLOBAL_ACCENT_COLOR_NAME = AccentColor;
				CODE_SIGN_STYLE = Automatic;
				CURRENT_PROJECT_VERSION = 1;
				DEVELOPMENT_TEAM = THU336WA8H;
				GENERATE_INFOPLIST_FILE = YES;
				INFOPLIST_FILE = BucketList/Info.plist;
				INFOPLIST_KEY_UIApplicationSupportsIndirectInputEvents = YES;
				INFOPLIST_KEY_UILaunchStoryboardName = LaunchScreen;
				INFOPLIST_KEY_UIMainStoryboardFile = Main;
				INFOPLIST_KEY_UISupportedInterfaceOrientations_iPad = "UIInterfaceOrientationPortrait UIInterfaceOrientationPortraitUpsideDown UIInterfaceOrientationLandscapeLeft UIInterfaceOrientationLandscapeRight";
				INFOPLIST_KEY_UISupportedInterfaceOrientations_iPhone = "UIInterfaceOrientationPortrait UIInterfaceOrientationLandscapeLeft UIInterfaceOrientationLandscapeRight";
				LD_RUNPATH_SEARCH_PATHS = (
					"$(inherited)",
					"@executable_path/Frameworks",
				);
				MARKETING_VERSION = 1.0;
				PRODUCT_BUNDLE_IDENTIFIER = ShahadAlhanaya2021.BucketList;
				PRODUCT_NAME = "$(TARGET_NAME)";
				SWIFT_EMIT_LOC_STRINGS = YES;
				SWIFT_VERSION = 5.0;
				TARGETED_DEVICE_FAMILY = "1,2";
			};
			name = Debug;
		};
		FC2B96BF2765DB08004BC217 /* Release */ = {
			isa = XCBuildConfiguration;
			buildSettings = {
				ASSETCATALOG_COMPILER_APPICON_NAME = AppIcon;
				ASSETCATALOG_COMPILER_GLOBAL_ACCENT_COLOR_NAME = AccentColor;
				CODE_SIGN_STYLE = Automatic;
				CURRENT_PROJECT_VERSION = 1;
				DEVELOPMENT_TEAM = THU336WA8H;
				GENERATE_INFOPLIST_FILE = YES;
				INFOPLIST_FILE = BucketList/Info.plist;
				INFOPLIST_KEY_UIApplicationSupportsIndirectInputEvents = YES;
				INFOPLIST_KEY_UILaunchStoryboardName = LaunchScreen;
				INFOPLIST_KEY_UIMainStoryboardFile = Main;
				INFOPLIST_KEY_UISupportedInterfaceOrientations_iPad = "UIInterfaceOrientationPortrait UIInterfaceOrientationPortraitUpsideDown UIInterfaceOrientationLandscapeLeft UIInterfaceOrientationLandscapeRight";
				INFOPLIST_KEY_UISupportedInterfaceOrientations_iPhone = "UIInterfaceOrientationPortrait UIInterfaceOrientationLandscapeLeft UIInterfaceOrientationLandscapeRight";
				LD_RUNPATH_SEARCH_PATHS = (
					"$(inherited)",
					"@executable_path/Frameworks",
				);
				MARKETING_VERSION = 1.0;
				PRODUCT_BUNDLE_IDENTIFIER = ShahadAlhanaya2021.BucketList;
				PRODUCT_NAME = "$(TARGET_NAME)";
				SWIFT_EMIT_LOC_STRINGS = YES;
				SWIFT_VERSION = 5.0;
				TARGETED_DEVICE_FAMILY = "1,2";
			};
			name = Release;
		};
		FC2B96C12765DB08004BC217 /* Debug */ = {
			isa = XCBuildConfiguration;
			buildSettings = {
				ALWAYS_EMBED_SWIFT_STANDARD_LIBRARIES = YES;
				BUNDLE_LOADER = "$(TEST_HOST)";
				CODE_SIGN_STYLE = Automatic;
				CURRENT_PROJECT_VERSION = 1;
				DEVELOPMENT_TEAM = THU336WA8H;
				GENERATE_INFOPLIST_FILE = YES;
				IPHONEOS_DEPLOYMENT_TARGET = 15.0;
				LD_RUNPATH_SEARCH_PATHS = (
					"$(inherited)",
					"@executable_path/Frameworks",
					"@loader_path/Frameworks",
				);
				MARKETING_VERSION = 1.0;
				PRODUCT_BUNDLE_IDENTIFIER = ShahadAlhanaya2021.BucketListTests;
				PRODUCT_NAME = "$(TARGET_NAME)";
				SWIFT_EMIT_LOC_STRINGS = NO;
				SWIFT_VERSION = 5.0;
				TARGETED_DEVICE_FAMILY = "1,2";
				TEST_HOST = "$(BUILT_PRODUCTS_DIR)/BucketList.app/BucketList";
			};
			name = Debug;
		};
		FC2B96C22765DB08004BC217 /* Release */ = {
			isa = XCBuildConfiguration;
			buildSettings = {
				ALWAYS_EMBED_SWIFT_STANDARD_LIBRARIES = YES;
				BUNDLE_LOADER = "$(TEST_HOST)";
				CODE_SIGN_STYLE = Automatic;
				CURRENT_PROJECT_VERSION = 1;
				DEVELOPMENT_TEAM = THU336WA8H;
				GENERATE_INFOPLIST_FILE = YES;
				IPHONEOS_DEPLOYMENT_TARGET = 15.0;
				LD_RUNPATH_SEARCH_PATHS = (
					"$(inherited)",
					"@executable_path/Frameworks",
					"@loader_path/Frameworks",
				);
				MARKETING_VERSION = 1.0;
				PRODUCT_BUNDLE_IDENTIFIER = ShahadAlhanaya2021.BucketListTests;
				PRODUCT_NAME = "$(TARGET_NAME)";
				SWIFT_EMIT_LOC_STRINGS = NO;
				SWIFT_VERSION = 5.0;
				TARGETED_DEVICE_FAMILY = "1,2";
				TEST_HOST = "$(BUILT_PRODUCTS_DIR)/BucketList.app/BucketList";
			};
			name = Release;
		};
		FC2B96C42765DB08004BC217 /* Debug */ = {
			isa = XCBuildConfiguration;
			buildSettings = {
				ALWAYS_EMBED_SWIFT_STANDARD_LIBRARIES = YES;
				CODE_SIGN_STYLE = Automatic;
				CURRENT_PROJECT_VERSION = 1;
				DEVELOPMENT_TEAM = THU336WA8H;
				GENERATE_INFOPLIST_FILE = YES;
				LD_RUNPATH_SEARCH_PATHS = (
					"$(inherited)",
					"@executable_path/Frameworks",
					"@loader_path/Frameworks",
				);
				MARKETING_VERSION = 1.0;
				PRODUCT_BUNDLE_IDENTIFIER = ShahadAlhanaya2021.BucketListUITests;
				PRODUCT_NAME = "$(TARGET_NAME)";
				SWIFT_EMIT_LOC_STRINGS = NO;
				SWIFT_VERSION = 5.0;
				TARGETED_DEVICE_FAMILY = "1,2";
				TEST_TARGET_NAME = BucketList;
			};
			name = Debug;
		};
		FC2B96C52765DB08004BC217 /* Release */ = {
			isa = XCBuildConfiguration;
			buildSettings = {
				ALWAYS_EMBED_SWIFT_STANDARD_LIBRARIES = YES;
				CODE_SIGN_STYLE = Automatic;
				CURRENT_PROJECT_VERSION = 1;
				DEVELOPMENT_TEAM = THU336WA8H;
				GENERATE_INFOPLIST_FILE = YES;
				LD_RUNPATH_SEARCH_PATHS = (
					"$(inherited)",
					"@executable_path/Frameworks",
					"@loader_path/Frameworks",
				);
				MARKETING_VERSION = 1.0;
				PRODUCT_BUNDLE_IDENTIFIER = ShahadAlhanaya2021.BucketListUITests;
				PRODUCT_NAME = "$(TARGET_NAME)";
				SWIFT_EMIT_LOC_STRINGS = NO;
				SWIFT_VERSION = 5.0;
				TARGETED_DEVICE_FAMILY = "1,2";
				TEST_TARGET_NAME = BucketList;
			};
			name = Release;
		};
/* End XCBuildConfiguration section */

/* Begin XCConfigurationList section */
		FC2B968E2765DB03004BC217 /* Build configuration list for PBXProject "BucketList" */ = {
			isa = XCConfigurationList;
			buildConfigurations = (
				FC2B96BB2765DB08004BC217 /* Debug */,
				FC2B96BC2765DB08004BC217 /* Release */,
			);
			defaultConfigurationIsVisible = 0;
			defaultConfigurationName = Release;
		};
		FC2B96BD2765DB08004BC217 /* Build configuration list for PBXNativeTarget "BucketList" */ = {
			isa = XCConfigurationList;
			buildConfigurations = (
				FC2B96BE2765DB08004BC217 /* Debug */,
				FC2B96BF2765DB08004BC217 /* Release */,
			);
			defaultConfigurationIsVisible = 0;
			defaultConfigurationName = Release;
		};
		FC2B96C02765DB08004BC217 /* Build configuration list for PBXNativeTarget "BucketListTests" */ = {
			isa = XCConfigurationList;
			buildConfigurations = (
				FC2B96C12765DB08004BC217 /* Debug */,
				FC2B96C22765DB08004BC217 /* Release */,
			);
			defaultConfigurationIsVisible = 0;
			defaultConfigurationName = Release;
		};
		FC2B96C32765DB08004BC217 /* Build configuration list for PBXNativeTarget "BucketListUITests" */ = {
			isa = XCConfigurationList;
			buildConfigurations = (
				FC2B96C42765DB08004BC217 /* Debug */,
				FC2B96C52765DB08004BC217 /* Release */,
			);
			defaultConfigurationIsVisible = 0;
			defaultConfigurationName = Release;
		};
/* End XCConfigurationList section */
	};
	rootObject = FC2B968B2765DB03004BC217 /* Project object */;
}
